{
    "_readme": [
        "This file locks the dependencies of your project to a known state",
        "Read more about it at https://getcomposer.org/doc/01-basic-usage.md#composer-lock-the-lock-file",
        "This file is @generated automatically"
    ],
    "content-hash": "3e7f442980cc862f8deb4cf029809126",
    "packages": [
        {
            "name": "teedmaker/tmphp-core",
            "version": "v1.0.1",
            "source": {
                "type": "git",
                "url": "https://github.com/teedmaker/tmphp-core.git",
                "reference": "36cb10fc0efaf036660e6944cac03617cfa399b7"
            },
            "dist": {
                "type": "zip",
                "url": "https://api.github.com/repos/teedmaker/tmphp-core/zipball/36cb10fc0efaf036660e6944cac03617cfa399b7",
                "reference": "36cb10fc0efaf036660e6944cac03617cfa399b7",
                "shasum": ""
            },
            "type": "library",
            "notification-url": "https://packagist.org/downloads/",
            "license": [
                "Apache-2.0"
            ],
            "authors": [
                {
                    "name": "tadeubarbosa",
                    "email": "tadeufbarbosa@gmail.com"
                }
            ],
            "description": "Core do Framework tmphp",
            "time": "2017-12-29T18:13:45+00:00"
        }
    ],
    "packages-dev": [],
    "aliases": [],
    "minimum-stability": "stable",
    "stability-flags": [],
    "prefer-stable": false,
    "prefer-lowest": false,
    "platform": [],
    "platform-dev": []
}
